
Microsoft Visual Studio Solution File, Format Version 12.00
# Visual Studio Version 17
VisualStudioVersion = 17.10.34916.146
MinimumVisualStudioVersion = 10.0.40219.1
Project("{9A19103F-16F7-4668-BE54-9A1E7A4F7556}") = "API", "API\API.csproj", "{558246F2-1FD2-4685-835E-28751B3333DF}"
EndProject
Project("{9A19103F-16F7-4668-BE54-9A1E7A4F7556}") = "Application", "Application\Application.csproj", "{7B89805C-4BA7-4086-936C-8647CF26F700}"
EndProject
Project("{9A19103F-16F7-4668-BE54-9A1E7A4F7556}") = "Domain", "Domain\Domain.csproj", "{7D1CC889-E8C8-4A0C-BF93-36DA63D3CFE4}"
EndProject
Project("{9A19103F-16F7-4668-BE54-9A1E7A4F7556}") = "Infrastructure", "Infrastructure\Infrastructure.csproj", "{AF14C377-4650-4E0B-A8FD-79AF011670BA}"
EndProject
Project("{54A90642-561A-4BB1-A94E-469ADEE60C69}") = "Frontend", "Frontend\Frontend.esproj", "{B1E118AA-EAB1-42CF-9828-75E5D4B1695A}"
EndProject
Project("{2150E333-8FDC-42A3-9474-1A3956D46DE8}") = "db", "db", "{DB37BAE7-F30E-4138-BA80-00AD3AC8930C}"
EndProject
Project("{2150E333-8FDC-42A3-9474-1A3956D46DE8}") = "Solution Items", "Solution Items", "{9301C59A-4DBB-40E6-8CC0-42E00498B2F5}"
	ProjectSection(SolutionItems) = preProject
		Frontend\README.md = Frontend\README.md
	EndProjectSection
EndProject
Global
	GlobalSection(SolutionConfigurationPlatforms) = preSolution
		Debug|Any CPU = Debug|Any CPU
		Release|Any CPU = Release|Any CPU
	EndGlobalSection
	GlobalSection(ProjectConfigurationPlatforms) = postSolution
		{558246F2-1FD2-4685-835E-28751B3333DF}.Debug|Any CPU.ActiveCfg = Debug|Any CPU
		{558246F2-1FD2-4685-835E-28751B3333DF}.Debug|Any CPU.Build.0 = Debug|Any CPU
		{558246F2-1FD2-4685-835E-28751B3333DF}.Release|Any CPU.ActiveCfg = Release|Any CPU
		{558246F2-1FD2-4685-835E-28751B3333DF}.Release|Any CPU.Build.0 = Release|Any CPU
		{7B89805C-4BA7-4086-936C-8647CF26F700}.Debug|Any CPU.ActiveCfg = Debug|Any CPU
		{7B89805C-4BA7-4086-936C-8647CF26F700}.Debug|Any CPU.Build.0 = Debug|Any CPU
		{7B89805C-4BA7-4086-936C-8647CF26F700}.Release|Any CPU.ActiveCfg = Release|Any CPU
		{7B89805C-4BA7-4086-936C-8647CF26F700}.Release|Any CPU.Build.0 = Release|Any CPU
		{7D1CC889-E8C8-4A0C-BF93-36DA63D3CFE4}.Debug|Any CPU.ActiveCfg = Debug|Any CPU
		{7D1CC889-E8C8-4A0C-BF93-36DA63D3CFE4}.Debug|Any CPU.Build.0 = Debug|Any CPU
		{7D1CC889-E8C8-4A0C-BF93-36DA63D3CFE4}.Release|Any CPU.ActiveCfg = Release|Any CPU
		{7D1CC889-E8C8-4A0C-BF93-36DA63D3CFE4}.Release|Any CPU.Build.0 = Release|Any CPU
		{AF14C377-4650-4E0B-A8FD-79AF011670BA}.Debug|Any CPU.ActiveCfg = Debug|Any CPU
		{AF14C377-4650-4E0B-A8FD-79AF011670BA}.Debug|Any CPU.Build.0 = Debug|Any CPU
		{AF14C377-4650-4E0B-A8FD-79AF011670BA}.Release|Any CPU.ActiveCfg = Release|Any CPU
		{AF14C377-4650-4E0B-A8FD-79AF011670BA}.Release|Any CPU.Build.0 = Release|Any CPU
		{B1E118AA-EAB1-42CF-9828-75E5D4B1695A}.Debug|Any CPU.ActiveCfg = Debug|Any CPU
		{B1E118AA-EAB1-42CF-9828-75E5D4B1695A}.Debug|Any CPU.Build.0 = Debug|Any CPU
		{B1E118AA-EAB1-42CF-9828-75E5D4B1695A}.Debug|Any CPU.Deploy.0 = Debug|Any CPU
		{B1E118AA-EAB1-42CF-9828-75E5D4B1695A}.Release|Any CPU.ActiveCfg = Release|Any CPU
		{B1E118AA-EAB1-42CF-9828-75E5D4B1695A}.Release|Any CPU.Build.0 = Release|Any CPU
		{B1E118AA-EAB1-42CF-9828-75E5D4B1695A}.Release|Any CPU.Deploy.0 = Release|Any CPU
	EndGlobalSection
	GlobalSection(SolutionProperties) = preSolution
		HideSolutionNode = FALSE
	EndGlobalSection
	GlobalSection(ExtensibilityGlobals) = postSolution
		SolutionGuid = {07936AD5-642B-4739-9024-608D5FD82D26}
	EndGlobalSection
EndGlobal
